// !$*UTF8*$!
{
	archiveVersion = 1;
	classes = {
	};
	objectVersion = 56;
	objects = {

/* Begin PBXBuildFile section */
		F5D3C3942C79086200F00474 /* KainaApp.swift in Sources */ = {isa = PBXBuildFile; fileRef = F5D3C3932C79086200F00474 /* KainaApp.swift */; };
		F5D3C3962C79086200F00474 /* ContentView.swift in Sources */ = {isa = PBXBuildFile; fileRef = F5D3C3952C79086200F00474 /* ContentView.swift */; };
		F5D3C3982C79086200F00474 /* Item.swift in Sources */ = {isa = PBXBuildFile; fileRef = F5D3C3972C79086200F00474 /* Item.swift */; };
		F5D3C39A2C79086300F00474 /* Assets.xcassets in Resources */ = {isa = PBXBuildFile; fileRef = F5D3C3992C79086300F00474 /* Assets.xcassets */; };
		F5D3C39E2C79086300F00474 /* Preview Assets.xcassets in Resources */ = {isa = PBXBuildFile; fileRef = F5D3C39D2C79086300F00474 /* Preview Assets.xcassets */; };
		F5D3C3A82C79086300F00474 /* KainaTests.swift in Sources */ = {isa = PBXBuildFile; fileRef = F5D3C3A72C79086300F00474 /* KainaTests.swift */; };
		F5D3C3B22C79086300F00474 /* KainaUITests.swift in Sources */ = {isa = PBXBuildFile; fileRef = F5D3C3B12C79086300F00474 /* KainaUITests.swift */; };
		F5D3C3B42C79086300F00474 /* KainaUITestsLaunchTests.swift in Sources */ = {isa = PBXBuildFile; fileRef = F5D3C3B32C79086300F00474 /* KainaUITestsLaunchTests.swift */; };
/* End PBXBuildFile section */

/* Begin PBXContainerItemProxy section */
		F5D3C3A42C79086300F00474 /* PBXContainerItemProxy */ = {
			isa = PBXContainerItemProxy;
			containerPortal = F5D3C3882C79086200F00474 /* Project object */;
			proxyType = 1;
			remoteGlobalIDString = F5D3C38F2C79086200F00474;
			remoteInfo = Kaina;
		};
		F5D3C3AE2C79086300F00474 /* PBXContainerItemProxy */ = {
			isa = PBXContainerItemProxy;
			containerPortal = F5D3C3882C79086200F00474 /* Project object */;
			proxyType = 1;
			remoteGlobalIDString = F5D3C38F2C79086200F00474;
			remoteInfo = Kaina;
		};
/* End PBXContainerItemProxy section */

/* Begin PBXFileReference section */
		F5D3C3902C79086200F00474 /* Kaina.app */ = {isa = PBXFileReference; explicitFileType = wrapper.application; includeInIndex = 0; path = Kaina.app; sourceTree = BUILT_PRODUCTS_DIR; };
		F5D3C3932C79086200F00474 /* KainaApp.swift */ = {isa = PBXFileReference; lastKnownFileType = sourcecode.swift; path = KainaApp.swift; sourceTree = "<group>"; };
		F5D3C3952C79086200F00474 /* ContentView.swift */ = {isa = PBXFileReference; lastKnownFileType = sourcecode.swift; path = ContentView.swift; sourceTree = "<group>"; };
		F5D3C3972C79086200F00474 /* Item.swift */ = {isa = PBXFileReference; lastKnownFileType = sourcecode.swift; path = Item.swift; sourceTree = "<group>"; };
		F5D3C3992C79086300F00474 /* Assets.xcassets */ = {isa = PBXFileReference; lastKnownFileType = folder.assetcatalog; path = Assets.xcassets; sourceTree = "<group>"; };
		F5D3C39B2C79086300F00474 /* Kaina.entitlements */ = {isa = PBXFileReference; lastKnownFileType = text.plist.entitlements; path = Kaina.entitlements; sourceTree = "<group>"; };
		F5D3C39D2C79086300F00474 /* Preview Assets.xcassets */ = {isa = PBXFileReference; lastKnownFileType = folder.assetcatalog; path = "Preview Assets.xcassets"; sourceTree = "<group>"; };
		F5D3C3A32C79086300F00474 /* KainaTests.xctest */ = {isa = PBXFileReference; explicitFileType = wrapper.cfbundle; includeInIndex = 0; path = KainaTests.xctest; sourceTree = BUILT_PRODUCTS_DIR; };
		F5D3C3A72C79086300F00474 /* KainaTests.swift */ = {isa = PBXFileReference; lastKnownFileType = sourcecode.swift; path = KainaTests.swift; sourceTree = "<group>"; };
		F5D3C3AD2C79086300F00474 /* KainaUITests.xctest */ = {isa = PBXFileReference; explicitFileType = wrapper.cfbundle; includeInIndex = 0; path = KainaUITests.xctest; sourceTree = BUILT_PRODUCTS_DIR; };
		F5D3C3B12C79086300F00474 /* KainaUITests.swift */ = {isa = PBXFileReference; lastKnownFileType = sourcecode.swift; path = KainaUITests.swift; sourceTree = "<group>"; };
		F5D3C3B32C79086300F00474 /* KainaUITestsLaunchTests.swift */ = {isa = PBXFileReference; lastKnownFileType = sourcecode.swift; path = KainaUITestsLaunchTests.swift; sourceTree = "<group>"; };
/* End PBXFileReference section */

/* Begin PBXFrameworksBuildPhase section */
		F5D3C38D2C79086200F00474 /* Frameworks */ = {
			isa = PBXFrameworksBuildPhase;
			buildActionMask = 2147483647;
			files = (
			);
			runOnlyForDeploymentPostprocessing = 0;
		};
		F5D3C3A02C79086300F00474 /* Frameworks */ = {
			isa = PBXFrameworksBuildPhase;
			buildActionMask = 2147483647;
			files = (
			);
			runOnlyForDeploymentPostprocessing = 0;
		};
		F5D3C3AA2C79086300F00474 /* Frameworks */ = {
			isa = PBXFrameworksBuildPhase;
			buildActionMask = 2147483647;
			files = (
			);
			runOnlyForDeploymentPostprocessing = 0;
		};
/* End PBXFrameworksBuildPhase section */

/* Begin PBXGroup section */
		F5D3C3872C79086200F00474 = {
			isa = PBXGroup;
			children = (
				F5D3C3922C79086200F00474 /* Kaina */,
				F5D3C3A62C79086300F00474 /* KainaTests */,
				F5D3C3B02C79086300F00474 /* KainaUITests */,
				F5D3C3912C79086200F00474 /* Products */,
			);
			sourceTree = "<group>";
		};
		F5D3C3912C79086200F00474 /* Products */ = {
			isa = PBXGroup;
			children = (
				F5D3C3902C79086200F00474 /* Kaina.app */,
				F5D3C3A32C79086300F00474 /* KainaTests.xctest */,
				F5D3C3AD2C79086300F00474 /* KainaUITests.xctest */,
			);
			name = Products;
			sourceTree = "<group>";
		};
		F5D3C3922C79086200F00474 /* Kaina */ = {
			isa = PBXGroup;
			children = (
				F5D3C3932C79086200F00474 /* KainaApp.swift */,
				F5D3C3952C79086200F00474 /* ContentView.swift */,
				F5D3C3972C79086200F00474 /* Item.swift */,
				F5D3C3992C79086300F00474 /* Assets.xcassets */,
				F5D3C39B2C79086300F00474 /* Kaina.entitlements */,
				F5D3C39C2C79086300F00474 /* Preview Content */,
			);
			path = Kaina;
			sourceTree = "<group>";
		};
		F5D3C39C2C79086300F00474 /* Preview Content */ = {
			isa = PBXGroup;
			children = (
				F5D3C39D2C79086300F00474 /* Preview Assets.xcassets */,
			);
			path = "Preview Content";
			sourceTree = "<group>";
		};
		F5D3C3A62C79086300F00474 /* KainaTests */ = {
			isa = PBXGroup;
			children = (
				F5D3C3A72C79086300F00474 /* KainaTests.swift */,
			);
			path = KainaTests;
			sourceTree = "<group>";
		};
		F5D3C3B02C79086300F00474 /* KainaUITests */ = {
			isa = PBXGroup;
			children = (
				F5D3C3B12C79086300F00474 /* KainaUITests.swift */,
				F5D3C3B32C79086300F00474 /* KainaUITestsLaunchTests.swift */,
			);
			path = KainaUITests;
			sourceTree = "<group>";
		};
/* End PBXGroup section */

/* Begin PBXNativeTarget section */
		F5D3C38F2C79086200F00474 /* Kaina */ = {
			isa = PBXNativeTarget;
			buildConfigurationList = F5D3C3B72C79086300F00474 /* Build configuration list for PBXNativeTarget "Kaina" */;
			buildPhases = (
				F5D3C38C2C79086200F00474 /* Sources */,
				F5D3C38D2C79086200F00474 /* Frameworks */,
				F5D3C38E2C79086200F00474 /* Resources */,
			);
			buildRules = (
			);
			dependencies = (
			);
			name = Kaina;
			productName = Kaina;
			productReference = F5D3C3902C79086200F00474 /* Kaina.app */;
			productType = "com.apple.product-type.application";
		};
		F5D3C3A22C79086300F00474 /* KainaTests */ = {
			isa = PBXNativeTarget;
			buildConfigurationList = F5D3C3BA2C79086300F00474 /* Build configuration list for PBXNativeTarget "KainaTests" */;
			buildPhases = (
				F5D3C39F2C79086300F00474 /* Sources */,
				F5D3C3A02C79086300F00474 /* Frameworks */,
				F5D3C3A12C79086300F00474 /* Resources */,
			);
			buildRules = (
			);
			dependencies = (
				F5D3C3A52C79086300F00474 /* PBXTargetDependency */,
			);
			name = KainaTests;
			productName = KainaTests;
			productReference = F5D3C3A32C79086300F00474 /* KainaTests.xctest */;
			productType = "com.apple.product-type.bundle.unit-test";
		};
		F5D3C3AC2C79086300F00474 /* KainaUITests */ = {
			isa = PBXNativeTarget;
			buildConfigurationList = F5D3C3BD2C79086300F00474 /* Build configuration list for PBXNativeTarget "KainaUITests" */;
			buildPhases = (
				F5D3C3A92C79086300F00474 /* Sources */,
				F5D3C3AA2C79086300F00474 /* Frameworks */,
				F5D3C3AB2C79086300F00474 /* Resources */,
			);
			buildRules = (
			);
			dependencies = (
				F5D3C3AF2C79086300F00474 /* PBXTargetDependency */,
			);
			name = KainaUITests;
			productName = KainaUITests;
			productReference = F5D3C3AD2C79086300F00474 /* KainaUITests.xctest */;
			productType = "com.apple.product-type.bundle.ui-testing";
		};
/* End PBXNativeTarget section */

/* Begin PBXProject section */
		F5D3C3882C79086200F00474 /* Project object */ = {
			isa = PBXProject;
			attributes = {
				BuildIndependentTargetsInParallel = 1;
				LastSwiftUpdateCheck = 1540;
				LastUpgradeCheck = 1540;
				TargetAttributes = {
					F5D3C38F2C79086200F00474 = {
						CreatedOnToolsVersion = 15.4;
					};
					F5D3C3A22C79086300F00474 = {
						CreatedOnToolsVersion = 15.4;
						TestTargetID = F5D3C38F2C79086200F00474;
					};
					F5D3C3AC2C79086300F00474 = {
						CreatedOnToolsVersion = 15.4;
						TestTargetID = F5D3C38F2C79086200F00474;
					};
				};
			};
			buildConfigurationList = F5D3C38B2C79086200F00474 /* Build configuration list for PBXProject "Kaina" */;
			compatibilityVersion = "Xcode 14.0";
			developmentRegion = en;
			hasScannedForEncodings = 0;
			knownRegions = (
				en,
				Base,
			);
			mainGroup = F5D3C3872C79086200F00474;
			productRefGroup = F5D3C3912C79086200F00474 /* Products */;
			projectDirPath = "";
			projectRoot = "";
			targets = (
				F5D3C38F2C79086200F00474 /* Kaina */,
				F5D3C3A22C79086300F00474 /* KainaTests */,
				F5D3C3AC2C79086300F00474 /* KainaUITests */,
			);
		};
/* End PBXProject section */

/* Begin PBXResourcesBuildPhase section */
		F5D3C38E2C79086200F00474 /* Resources */ = {
			isa = PBXResourcesBuildPhase;
			buildActionMask = 2147483647;
			files = (
				F5D3C39E2C79086300F00474 /* Preview Assets.xcassets in Resources */,
				F5D3C39A2C79086300F00474 /* Assets.xcassets in Resources */,
			);
			runOnlyForDeploymentPostprocessing = 0;
		};
		F5D3C3A12C79086300F00474 /* Resources */ = {
			isa = PBXResourcesBuildPhase;
			buildActionMask = 2147483647;
			files = (
			);
			runOnlyForDeploymentPostprocessing = 0;
		};
		F5D3C3AB2C79086300F00474 /* Resources */ = {
			isa = PBXResourcesBuildPhase;
			buildActionMask = 2147483647;
			files = (
			);
			runOnlyForDeploymentPostprocessing = 0;
		};
/* End PBXResourcesBuildPhase section */

/* Begin PBXSourcesBuildPhase section */
		F5D3C38C2C79086200F00474 /* Sources */ = {
			isa = PBXSourcesBuildPhase;
			buildActionMask = 2147483647;
			files = (
				F5D3C3962C79086200F00474 /* ContentView.swift in Sources */,
				F5D3C3982C79086200F00474 /* Item.swift in Sources */,
				F5D3C3942C79086200F00474 /* KainaApp.swift in Sources */,
			);
			runOnlyForDeploymentPostprocessing = 0;
		};
		F5D3C39F2C79086300F00474 /* Sources */ = {
			isa = PBXSourcesBuildPhase;
			buildActionMask = 2147483647;
			files = (
				F5D3C3A82C79086300F00474 /* KainaTests.swift in Sources */,
			);
			runOnlyForDeploymentPostprocessing = 0;
		};
		F5D3C3A92C79086300F00474 /* Sources */ = {
			isa = PBXSourcesBuildPhase;
			buildActionMask = 2147483647;
			files = (
				F5D3C3B22C79086300F00474 /* KainaUITests.swift in Sources */,
				F5D3C3B42C79086300F00474 /* KainaUITestsLaunchTests.swift in Sources */,
			);
			runOnlyForDeploymentPostprocessing = 0;
		};
/* End PBXSourcesBuildPhase section */

/* Begin PBXTargetDependency section */
		F5D3C3A52C79086300F00474 /* PBXTargetDependency */ = {
			isa = PBXTargetDependency;
			target = F5D3C38F2C79086200F00474 /* Kaina */;
			targetProxy = F5D3C3A42C79086300F00474 /* PBXContainerItemProxy */;
		};
		F5D3C3AF2C79086300F00474 /* PBXTargetDependency */ = {
			isa = PBXTargetDependency;
			target = F5D3C38F2C79086200F00474 /* Kaina */;
			targetProxy = F5D3C3AE2C79086300F00474 /* PBXContainerItemProxy */;
		};
/* End PBXTargetDependency section */

/* Begin XCBuildConfiguration section */
		F5D3C3B52C79086300F00474 /* Debug */ = {
			isa = XCBuildConfiguration;
			buildSettings = {
				ALWAYS_SEARCH_USER_PATHS = NO;
				ASSETCATALOG_COMPILER_GENERATE_SWIFT_ASSET_SYMBOL_EXTENSIONS = YES;
				CLANG_ANALYZER_NONNULL = YES;
				CLANG_ANALYZER_NUMBER_OBJECT_CONVERSION = YES_AGGRESSIVE;
				CLANG_CXX_LANGUAGE_STANDARD = "gnu++20";
				CLANG_ENABLE_MODULES = YES;
				CLANG_ENABLE_OBJC_ARC = YES;
				CLANG_ENABLE_OBJC_WEAK = YES;
				CLANG_WARN_BLOCK_CAPTURE_AUTORELEASING = YES;
				CLANG_WARN_BOOL_CONVERSION = YES;
				CLANG_WARN_COMMA = YES;
				CLANG_WARN_CONSTANT_CONVERSION = YES;
				CLANG_WARN_DEPRECATED_OBJC_IMPLEMENTATIONS = YES;
				CLANG_WARN_DIRECT_OBJC_ISA_USAGE = YES_ERROR;
				CLANG_WARN_DOCUMENTATION_COMMENTS = YES;
				CLANG_WARN_EMPTY_BODY = YES;
				CLANG_WARN_ENUM_CONVERSION = YES;
				CLANG_WARN_INFINITE_RECURSION = YES;
				CLANG_WARN_INT_CONVERSION = YES;
				CLANG_WARN_NON_LITERAL_NULL_CONVERSION = YES;
				CLANG_WARN_OBJC_IMPLICIT_RETAIN_SELF = YES;
				CLANG_WARN_OBJC_LITERAL_CONVERSION = YES;
				CLANG_WARN_OBJC_ROOT_CLASS = YES_ERROR;
				CLANG_WARN_QUOTED_INCLUDE_IN_FRAMEWORK_HEADER = YES;
				CLANG_WARN_RANGE_LOOP_ANALYSIS = YES;
				CLANG_WARN_STRICT_PROTOTYPES = YES;
				CLANG_WARN_SUSPICIOUS_MOVE = YES;
				CLANG_WARN_UNGUARDED_AVAILABILITY = YES_AGGRESSIVE;
				CLANG_WARN_UNREACHABLE_CODE = YES;
				CLANG_WARN__DUPLICATE_METHOD_MATCH = YES;
				COPY_PHASE_STRIP = NO;
				DEBUG_INFORMATION_FORMAT = dwarf;
				ENABLE_STRICT_OBJC_MSGSEND = YES;
				ENABLE_TESTABILITY = YES;
				ENABLE_USER_SCRIPT_SANDBOXING = YES;
				GCC_C_LANGUAGE_STANDARD = gnu17;
				GCC_DYNAMIC_NO_PIC = NO;
				GCC_NO_COMMON_BLOCKS = YES;
				GCC_OPTIMIZATION_LEVEL = 0;
				GCC_PREPROCESSOR_DEFINITIONS = (
					"DEBUG=1",
					"$(inherited)",
				);
				GCC_WARN_64_TO_32_BIT_CONVERSION = YES;
				GCC_WARN_ABOUT_RETURN_TYPE = YES_ERROR;
				GCC_WARN_UNDECLARED_SELECTOR = YES;
				GCC_WARN_UNINITIALIZED_AUTOS = YES_AGGRESSIVE;
				GCC_WARN_UNUSED_FUNCTION = YES;
				GCC_WARN_UNUSED_VARIABLE = YES;
				LOCALIZATION_PREFERS_STRING_CATALOGS = YES;
				MTL_ENABLE_DEBUG_INFO = INCLUDE_SOURCE;
				MTL_FAST_MATH = YES;
				ONLY_ACTIVE_ARCH = YES;
				SWIFT_ACTIVE_COMPILATION_CONDITIONS = "DEBUG $(inherited)";
				SWIFT_OPTIMIZATION_LEVEL = "-Onone";
			};
			name = Debug;
		};
		F5D3C3B62C79086300F00474 /* Release */ = {
			isa = XCBuildConfiguration;
			buildSettings = {
				ALWAYS_SEARCH_USER_PATHS = NO;
				ASSETCATALOG_COMPILER_GENERATE_SWIFT_ASSET_SYMBOL_EXTENSIONS = YES;
				CLANG_ANALYZER_NONNULL = YES;
				CLANG_ANALYZER_NUMBER_OBJECT_CONVERSION = YES_AGGRESSIVE;
				CLANG_CXX_LANGUAGE_STANDARD = "gnu++20";
				CLANG_ENABLE_MODULES = YES;
				CLANG_ENABLE_OBJC_ARC = YES;
				CLANG_ENABLE_OBJC_WEAK = YES;
				CLANG_WARN_BLOCK_CAPTURE_AUTORELEASING = YES;
				CLANG_WARN_BOOL_CONVERSION = YES;
				CLANG_WARN_COMMA = YES;
				CLANG_WARN_CONSTANT_CONVERSION = YES;
				CLANG_WARN_DEPRECATED_OBJC_IMPLEMENTATIONS = YES;
				CLANG_WARN_DIRECT_OBJC_ISA_USAGE = YES_ERROR;
				CLANG_WARN_DOCUMENTATION_COMMENTS = YES;
				CLANG_WARN_EMPTY_BODY = YES;
				CLANG_WARN_ENUM_CONVERSION = YES;
				CLANG_WARN_INFINITE_RECURSION = YES;
				CLANG_WARN_INT_CONVERSION = YES;
				CLANG_WARN_NON_LITERAL_NULL_CONVERSION = YES;
				CLANG_WARN_OBJC_IMPLICIT_RETAIN_SELF = YES;
				CLANG_WARN_OBJC_LITERAL_CONVERSION = YES;
				CLANG_WARN_OBJC_ROOT_CLASS = YES_ERROR;
				CLANG_WARN_QUOTED_INCLUDE_IN_FRAMEWORK_HEADER = YES;
				CLANG_WARN_RANGE_LOOP_ANALYSIS = YES;
				CLANG_WARN_STRICT_PROTOTYPES = YES;
				CLANG_WARN_SUSPICIOUS_MOVE = YES;
				CLANG_WARN_UNGUARDED_AVAILABILITY = YES_AGGRESSIVE;
				CLANG_WARN_UNREACHABLE_CODE = YES;
				CLANG_WARN__DUPLICATE_METHOD_MATCH = YES;
				COPY_PHASE_STRIP = NO;
				DEBUG_INFORMATION_FORMAT = "dwarf-with-dsym";
				ENABLE_NS_ASSERTIONS = NO;
				ENABLE_STRICT_OBJC_MSGSEND = YES;
				ENABLE_USER_SCRIPT_SANDBOXING = YES;
				GCC_C_LANGUAGE_STANDARD = gnu17;
				GCC_NO_COMMON_BLOCKS = YES;
				GCC_WARN_64_TO_32_BIT_CONVERSION = YES;
				GCC_WARN_ABOUT_RETURN_TYPE = YES_ERROR;
				GCC_WARN_UNDECLARED_SELECTOR = YES;
				GCC_WARN_UNINITIALIZED_AUTOS = YES_AGGRESSIVE;
				GCC_WARN_UNUSED_FUNCTION = YES;
				GCC_WARN_UNUSED_VARIABLE = YES;
				LOCALIZATION_PREFERS_STRING_CATALOGS = YES;
				MTL_ENABLE_DEBUG_INFO = NO;
				MTL_FAST_MATH = YES;
				SWIFT_COMPILATION_MODE = wholemodule;
			};
			name = Release;
		};
		F5D3C3B82C79086300F00474 /* Debug */ = {
			isa = XCBuildConfiguration;
			buildSettings = {
				ASSETCATALOG_COMPILER_APPICON_NAME = AppIcon;
				ASSETCATALOG_COMPILER_GLOBAL_ACCENT_COLOR_NAME = AccentColor;
				CODE_SIGN_ENTITLEMENTS = Kaina/Kaina.entitlements;
				CODE_SIGN_STYLE = Automatic;
				CURRENT_PROJECT_VERSION = 1;
				DEVELOPMENT_ASSET_PATHS = "\"Kaina/Preview Content\"";
				DEVELOPMENT_TEAM = ABK9JN2P83;
				ENABLE_HARDENED_RUNTIME = YES;
				ENABLE_PREVIEWS = YES;
				GENERATE_INFOPLIST_FILE = YES;
				"INFOPLIST_KEY_UIApplicationSceneManifest_Generation[sdk=iphoneos*]" = YES;
				"INFOPLIST_KEY_UIApplicationSceneManifest_Generation[sdk=iphonesimulator*]" = YES;
				"INFOPLIST_KEY_UIApplicationSupportsIndirectInputEvents[sdk=iphoneos*]" = YES;
				"INFOPLIST_KEY_UIApplicationSupportsIndirectInputEvents[sdk=iphonesimulator*]" = YES;
				"INFOPLIST_KEY_UILaunchScreen_Generation[sdk=iphoneos*]" = YES;
				"INFOPLIST_KEY_UILaunchScreen_Generation[sdk=iphonesimulator*]" = YES;
				"INFOPLIST_KEY_UIStatusBarStyle[sdk=iphoneos*]" = UIStatusBarStyleDefault;
				"INFOPLIST_KEY_UIStatusBarStyle[sdk=iphonesimulator*]" = UIStatusBarStyleDefault;
				INFOPLIST_KEY_UISupportedInterfaceOrientations_iPad = "UIInterfaceOrientationPortrait UIInterfaceOrientationPortraitUpsideDown UIInterfaceOrientationLandscapeLeft UIInterfaceOrientationLandscapeRight";
				INFOPLIST_KEY_UISupportedInterfaceOrientations_iPhone = "UIInterfaceOrientationPortrait UIInterfaceOrientationLandscapeLeft UIInterfaceOrientationLandscapeRight";
				IPHONEOS_DEPLOYMENT_TARGET = 17.5;
				LD_RUNPATH_SEARCH_PATHS = "@executable_path/Frameworks";
				"LD_RUNPATH_SEARCH_PATHS[sdk=macosx*]" = "@executable_path/../Frameworks";
				MACOSX_DEPLOYMENT_TARGET = 14.0;
				MARKETING_VERSION = 1.0;
				PRODUCT_BUNDLE_IDENTIFIER = sofixHub.Kaina;
				PRODUCT_NAME = "$(TARGET_NAME)";
				SDKROOT = auto;
				SUPPORTED_PLATFORMS = "iphoneos iphonesimulator macosx";
				SWIFT_EMIT_LOC_STRINGS = YES;
				SWIFT_VERSION = 5.0;
				TARGETED_DEVICE_FAMILY = "1,2";
			};
			name = Debug;
		};
		F5D3C3B92C79086300F00474 /* Release */ = {
			isa = XCBuildConfiguration;
			buildSettings = {
				ASSETCATALOG_COMPILER_APPICON_NAME = AppIcon;
				ASSETCATALOG_COMPILER_GLOBAL_ACCENT_COLOR_NAME = AccentColor;
				CODE_SIGN_ENTITLEMENTS = Kaina/Kaina.entitlements;
				CODE_SIGN_STYLE = Automatic;
				CURRENT_PROJECT_VERSION = 1;
				DEVELOPMENT_ASSET_PATHS = "\"Kaina/Preview Content\"";
				DEVELOPMENT_TEAM = ABK9JN2P83;
				ENABLE_HARDENED_RUNTIME = YES;
				ENABLE_PREVIEWS = YES;
				GENERATE_INFOPLIST_FILE = YES;
				"INFOPLIST_KEY_UIApplicationSceneManifest_Generation[sdk=iphoneos*]" = YES;
				"INFOPLIST_KEY_UIApplicationSceneManifest_Generation[sdk=iphonesimulator*]" = YES;
				"INFOPLIST_KEY_UIApplicationSupportsIndirectInputEvents[sdk=iphoneos*]" = YES;
				"INFOPLIST_KEY_UIApplicationSupportsIndirectInputEvents[sdk=iphonesimulator*]" = YES;
				"INFOPLIST_KEY_UILaunchScreen_Generation[sdk=iphoneos*]" = YES;
				"INFOPLIST_KEY_UILaunchScreen_Generation[sdk=iphonesimulator*]" = YES;
				"INFOPLIST_KEY_UIStatusBarStyle[sdk=iphoneos*]" = UIStatusBarStyleDefault;
				"INFOPLIST_KEY_UIStatusBarStyle[sdk=iphonesimulator*]" = UIStatusBarStyleDefault;
				INFOPLIST_KEY_UISupportedInterfaceOrientations_iPad = "UIInterfaceOrientationPortrait UIInterfaceOrientationPortraitUpsideDown UIInterfaceOrientationLandscapeLeft UIInterfaceOrientationLandscapeRight";
				INFOPLIST_KEY_UISupportedInterfaceOrientations_iPhone = "UIInterfaceOrientationPortrait UIInterfaceOrientationLandscapeLeft UIInterfaceOrientationLandscapeRight";
				IPHONEOS_DEPLOYMENT_TARGET = 17.5;
				LD_RUNPATH_SEARCH_PATHS = "@executable_path/Frameworks";
				"LD_RUNPATH_SEARCH_PATHS[sdk=macosx*]" = "@executable_path/../Frameworks";
				MACOSX_DEPLOYMENT_TARGET = 14.0;
				MARKETING_VERSION = 1.0;
				PRODUCT_BUNDLE_IDENTIFIER = sofixHub.Kaina;
				PRODUCT_NAME = "$(TARGET_NAME)";
				SDKROOT = auto;
				SUPPORTED_PLATFORMS = "iphoneos iphonesimulator macosx";
				SWIFT_EMIT_LOC_STRINGS = YES;
				SWIFT_VERSION = 5.0;
				TARGETED_DEVICE_FAMILY = "1,2";
			};
			name = Release;
		};
		F5D3C3BB2C79086300F00474 /* Debug */ = {
			isa = XCBuildConfiguration;
			buildSettings = {
				ALWAYS_EMBED_SWIFT_STANDARD_LIBRARIES = YES;
				BUNDLE_LOADER = "$(TEST_HOST)";
				CODE_SIGN_STYLE = Automatic;
				CURRENT_PROJECT_VERSION = 1;
				DEVELOPMENT_TEAM = ABK9JN2P83;
				GENERATE_INFOPLIST_FILE = YES;
				IPHONEOS_DEPLOYMENT_TARGET = 17.5;
				MACOSX_DEPLOYMENT_TARGET = 14.5;
				MARKETING_VERSION = 1.0;
				PRODUCT_BUNDLE_IDENTIFIER = sofixHub.KainaTests;
				PRODUCT_NAME = "$(TARGET_NAME)";
				SDKROOT = auto;
				SUPPORTED_PLATFORMS = "iphoneos iphonesimulator macosx";
				SWIFT_EMIT_LOC_STRINGS = NO;
				SWIFT_VERSION = 5.0;
				TARGETED_DEVICE_FAMILY = "1,2";
				TEST_HOST = "$(BUILT_PRODUCTS_DIR)/Kaina.app/$(BUNDLE_EXECUTABLE_FOLDER_PATH)/Kaina";
			};
			name = Debug;
		};
		F5D3C3BC2C79086300F00474 /* Release */ = {
			isa = XCBuildConfiguration;
			buildSettings = {
				ALWAYS_EMBED_SWIFT_STANDARD_LIBRARIES = YES;
				BUNDLE_LOADER = "$(TEST_HOST)";
				CODE_SIGN_STYLE = Automatic;
				CURRENT_PROJECT_VERSION = 1;
				DEVELOPMENT_TEAM = ABK9JN2P83;
				GENERATE_INFOPLIST_FILE = YES;
				IPHONEOS_DEPLOYMENT_TARGET = 17.5;
				MACOSX_DEPLOYMENT_TARGET = 14.5;
				MARKETING_VERSION = 1.0;
				PRODUCT_BUNDLE_IDENTIFIER = sofixHub.KainaTests;
				PRODUCT_NAME = "$(TARGET_NAME)";
				SDKROOT = auto;
				SUPPORTED_PLATFORMS = "iphoneos iphonesimulator macosx";
				SWIFT_EMIT_LOC_STRINGS = NO;
				SWIFT_VERSION = 5.0;
				TARGETED_DEVICE_FAMILY = "1,2";
				TEST_HOST = "$(BUILT_PRODUCTS_DIR)/Kaina.app/$(BUNDLE_EXECUTABLE_FOLDER_PATH)/Kaina";
			};
			name = Release;
		};
		F5D3C3BE2C79086300F00474 /* Debug */ = {
			isa = XCBuildConfiguration;
			buildSettings = {
				ALWAYS_EMBED_SWIFT_STANDARD_LIBRARIES = YES;
				CODE_SIGN_STYLE = Automatic;
				CURRENT_PROJECT_VERSION = 1;
				DEVELOPMENT_TEAM = ABK9JN2P83;
				GENERATE_INFOPLIST_FILE = YES;
				IPHONEOS_DEPLOYMENT_TARGET = 17.5;
				MACOSX_DEPLOYMENT_TARGET = 14.5;
				MARKETING_VERSION = 1.0;
				PRODUCT_BUNDLE_IDENTIFIER = sofixHub.KainaUITests;
				PRODUCT_NAME = "$(TARGET_NAME)";
				SDKROOT = auto;
				SUPPORTED_PLATFORMS = "iphoneos iphonesimulator macosx";
				SWIFT_EMIT_LOC_STRINGS = NO;
				SWIFT_VERSION = 5.0;
				TARGETED_DEVICE_FAMILY = "1,2";
				TEST_TARGET_NAME = Kaina;
			};
			name = Debug;
		};
		F5D3C3BF2C79086300F00474 /* Release */ = {
			isa = XCBuildConfiguration;
			buildSettings = {
				ALWAYS_EMBED_SWIFT_STANDARD_LIBRARIES = YES;
				CODE_SIGN_STYLE = Automatic;
				CURRENT_PROJECT_VERSION = 1;
				DEVELOPMENT_TEAM = ABK9JN2P83;
				GENERATE_INFOPLIST_FILE = YES;
				IPHONEOS_DEPLOYMENT_TARGET = 17.5;
				MACOSX_DEPLOYMENT_TARGET = 14.5;
				MARKETING_VERSION = 1.0;
				PRODUCT_BUNDLE_IDENTIFIER = sofixHub.KainaUITests;
				PRODUCT_NAME = "$(TARGET_NAME)";
				SDKROOT = auto;
				SUPPORTED_PLATFORMS = "iphoneos iphonesimulator macosx";
				SWIFT_EMIT_LOC_STRINGS = NO;
				SWIFT_VERSION = 5.0;
				TARGETED_DEVICE_FAMILY = "1,2";
				TEST_TARGET_NAME = Kaina;
			};
			name = Release;
		};
/* End XCBuildConfiguration section */

/* Begin XCConfigurationList section */
		F5D3C38B2C79086200F00474 /* Build configuration list for PBXProject "Kaina" */ = {
			isa = XCConfigurationList;
			buildConfigurations = (
				F5D3C3B52C79086300F00474 /* Debug */,
				F5D3C3B62C79086300F00474 /* Release */,
			);
			defaultConfigurationIsVisible = 0;
			defaultConfigurationName = Release;
		};
		F5D3C3B72C79086300F00474 /* Build configuration list for PBXNativeTarget "Kaina" */ = {
			isa = XCConfigurationList;
			buildConfigurations = (
				F5D3C3B82C79086300F00474 /* Debug */,
				F5D3C3B92C79086300F00474 /* Release */,
			);
			defaultConfigurationIsVisible = 0;
			defaultConfigurationName = Release;
		};
		F5D3C3BA2C79086300F00474 /* Build configuration list for PBXNativeTarget "KainaTests" */ = {
			isa = XCConfigurationList;
			buildConfigurations = (
				F5D3C3BB2C79086300F00474 /* Debug */,
				F5D3C3BC2C79086300F00474 /* Release */,
			);
			defaultConfigurationIsVisible = 0;
			defaultConfigurationName = Release;
		};
		F5D3C3BD2C79086300F00474 /* Build configuration list for PBXNativeTarget "KainaUITests" */ = {
			isa = XCConfigurationList;
			buildConfigurations = (
				F5D3C3BE2C79086300F00474 /* Debug */,
				F5D3C3BF2C79086300F00474 /* Release */,
			);
			defaultConfigurationIsVisible = 0;
			defaultConfigurationName = Release;
		};
/* End XCConfigurationList section */
	};
	rootObject = F5D3C3882C79086200F00474 /* Project object */;
}
